// !$*UTF8*$!
{
	archiveVersion = 1;
	classes = {
	};
	objectVersion = 50;
	objects = {

/* Begin PBXBuildFile section */
		9DE9D6F4228BE89F0082B9B5 /* AppDelegate.swift in Sources */ = {isa = PBXBuildFile; fileRef = 9DE9D6F3228BE89F0082B9B5 /* AppDelegate.swift */; };
		9DE9D6F6228BE89F0082B9B5 /* ViewController.swift in Sources */ = {isa = PBXBuildFile; fileRef = 9DE9D6F5228BE89F0082B9B5 /* ViewController.swift */; };
		9DE9D6F9228BE89F0082B9B5 /* Main.storyboard in Resources */ = {isa = PBXBuildFile; fileRef = 9DE9D6F7228BE89F0082B9B5 /* Main.storyboard */; };
		9DE9D6FB228BE8A30082B9B5 /* Assets.xcassets in Resources */ = {isa = PBXBuildFile; fileRef = 9DE9D6FA228BE8A30082B9B5 /* Assets.xcassets */; };
		9DE9D6FE228BE8A30082B9B5 /* LaunchScreen.storyboard in Resources */ = {isa = PBXBuildFile; fileRef = 9DE9D6FC228BE8A30082B9B5 /* LaunchScreen.storyboard */; };
		9DE9D706228BE8DC0082B9B5 /* LearnerModel.swift in Sources */ = {isa = PBXBuildFile; fileRef = 9DE9D705228BE8DC0082B9B5 /* LearnerModel.swift */; };
		9DE9D708228BF8830082B9B5 /* BicycleModel.swift in Sources */ = {isa = PBXBuildFile; fileRef = 9DE9D707228BF8830082B9B5 /* BicycleModel.swift */; };
		9DE9D70A228C03AD0082B9B5 /* FacilitatorModel.swift in Sources */ = {isa = PBXBuildFile; fileRef = 9DE9D709228C03AD0082B9B5 /* FacilitatorModel.swift */; };
		9DE9D70C228C09910082B9B5 /* RoundedButton.swift in Sources */ = {isa = PBXBuildFile; fileRef = 9DE9D70B228C09910082B9B5 /* RoundedButton.swift */; };
/* End PBXBuildFile section */

/* Begin PBXFileReference section */
		9DE9D6F0228BE89F0082B9B5 /* LearnerModel.app */ = {isa = PBXFileReference; explicitFileType = wrapper.application; includeInIndex = 0; path = LearnerModel.app; sourceTree = BUILT_PRODUCTS_DIR; };
		9DE9D6F3228BE89F0082B9B5 /* AppDelegate.swift */ = {isa = PBXFileReference; lastKnownFileType = sourcecode.swift; path = AppDelegate.swift; sourceTree = "<group>"; };
		9DE9D6F5228BE89F0082B9B5 /* ViewController.swift */ = {isa = PBXFileReference; lastKnownFileType = sourcecode.swift; path = ViewController.swift; sourceTree = "<group>"; };
		9DE9D6F8228BE89F0082B9B5 /* Base */ = {isa = PBXFileReference; lastKnownFileType = file.storyboard; name = Base; path = Base.lproj/Main.storyboard; sourceTree = "<group>"; };
		9DE9D6FA228BE8A30082B9B5 /* Assets.xcassets */ = {isa = PBXFileReference; lastKnownFileType = folder.assetcatalog; path = Assets.xcassets; sourceTree = "<group>"; };
		9DE9D6FD228BE8A30082B9B5 /* Base */ = {isa = PBXFileReference; lastKnownFileType = file.storyboard; name = Base; path = Base.lproj/LaunchScreen.storyboard; sourceTree = "<group>"; };
		9DE9D6FF228BE8A30082B9B5 /* Info.plist */ = {isa = PBXFileReference; lastKnownFileType = text.plist.xml; path = Info.plist; sourceTree = "<group>"; };
		9DE9D705228BE8DC0082B9B5 /* LearnerModel.swift */ = {isa = PBXFileReference; lastKnownFileType = sourcecode.swift; path = LearnerModel.swift; sourceTree = "<group>"; };
		9DE9D707228BF8830082B9B5 /* BicycleModel.swift */ = {isa = PBXFileReference; lastKnownFileType = sourcecode.swift; path = BicycleModel.swift; sourceTree = "<group>"; };
		9DE9D709228C03AD0082B9B5 /* FacilitatorModel.swift */ = {isa = PBXFileReference; lastKnownFileType = sourcecode.swift; path = FacilitatorModel.swift; sourceTree = "<group>"; };
		9DE9D70B228C09910082B9B5 /* RoundedButton.swift */ = {isa = PBXFileReference; lastKnownFileType = sourcecode.swift; path = RoundedButton.swift; sourceTree = "<group>"; };
/* End PBXFileReference section */

/* Begin PBXFrameworksBuildPhase section */
		9DE9D6ED228BE89F0082B9B5 /* Frameworks */ = {
			isa = PBXFrameworksBuildPhase;
			buildActionMask = 2147483647;
			files = (
			);
			runOnlyForDeploymentPostprocessing = 0;
		};
/* End PBXFrameworksBuildPhase section */

/* Begin PBXGroup section */
		9DE9D6E7228BE89F0082B9B5 = {
			isa = PBXGroup;
			children = (
				9DE9D6F2228BE89F0082B9B5 /* LearnerModel */,
				9DE9D6F1228BE89F0082B9B5 /* Products */,
			);
			sourceTree = "<group>";
		};
		9DE9D6F1228BE89F0082B9B5 /* Products */ = {
			isa = PBXGroup;
			children = (
				9DE9D6F0228BE89F0082B9B5 /* LearnerModel.app */,
			);
			name = Products;
			sourceTree = "<group>";
		};
		9DE9D6F2228BE89F0082B9B5 /* LearnerModel */ = {
			isa = PBXGroup;
			children = (
				9DE9D6F3228BE89F0082B9B5 /* AppDelegate.swift */,
				9DE9D705228BE8DC0082B9B5 /* LearnerModel.swift */,
				9DE9D707228BF8830082B9B5 /* BicycleModel.swift */,
				9DE9D6F5228BE89F0082B9B5 /* ViewController.swift */,
				9DE9D709228C03AD0082B9B5 /* FacilitatorModel.swift */,
				9DE9D6F7228BE89F0082B9B5 /* Main.storyboard */,
				9DE9D70B228C09910082B9B5 /* RoundedButton.swift */,
				9DE9D6FA228BE8A30082B9B5 /* Assets.xcassets */,
				9DE9D6FC228BE8A30082B9B5 /* LaunchScreen.storyboard */,
				9DE9D6FF228BE8A30082B9B5 /* Info.plist */,
			);
			path = LearnerModel;
			sourceTree = "<group>";
		};
/* End PBXGroup section */

/* Begin PBXNativeTarget section */
		9DE9D6EF228BE89F0082B9B5 /* LearnerModel */ = {
			isa = PBXNativeTarget;
			buildConfigurationList = 9DE9D702228BE8A30082B9B5 /* Build configuration list for PBXNativeTarget "LearnerModel" */;
			buildPhases = (
				9DE9D6EC228BE89F0082B9B5 /* Sources */,
				9DE9D6ED228BE89F0082B9B5 /* Frameworks */,
				9DE9D6EE228BE89F0082B9B5 /* Resources */,
			);
			buildRules = (
			);
			dependencies = (
			);
			name = LearnerModel;
			productName = LearnerModel;
			productReference = 9DE9D6F0228BE89F0082B9B5 /* LearnerModel.app */;
			productType = "com.apple.product-type.application";
		};
/* End PBXNativeTarget section */

/* Begin PBXProject section */
		9DE9D6E8228BE89F0082B9B5 /* Project object */ = {
			isa = PBXProject;
			attributes = {
				LastSwiftUpdateCheck = 1020;
				LastUpgradeCheck = 1020;
				ORGANIZATIONNAME = "Bobby Yusuf Hoksono";
				TargetAttributes = {
					9DE9D6EF228BE89F0082B9B5 = {
						CreatedOnToolsVersion = 10.2.1;
					};
				};
			};
			buildConfigurationList = 9DE9D6EB228BE89F0082B9B5 /* Build configuration list for PBXProject "LearnerModel" */;
			compatibilityVersion = "Xcode 9.3";
			developmentRegion = en;
			hasScannedForEncodings = 0;
			knownRegions = (
				en,
				Base,
			);
			mainGroup = 9DE9D6E7228BE89F0082B9B5;
			productRefGroup = 9DE9D6F1228BE89F0082B9B5 /* Products */;
			projectDirPath = "";
			projectRoot = "";
			targets = (
				9DE9D6EF228BE89F0082B9B5 /* LearnerModel */,
			);
		};
/* End PBXProject section */

/* Begin PBXResourcesBuildPhase section */
		9DE9D6EE228BE89F0082B9B5 /* Resources */ = {
			isa = PBXResourcesBuildPhase;
			buildActionMask = 2147483647;
			files = (
				9DE9D6FE228BE8A30082B9B5 /* LaunchScreen.storyboard in Resources */,
				9DE9D6FB228BE8A30082B9B5 /* Assets.xcassets in Resources */,
				9DE9D6F9228BE89F0082B9B5 /* Main.storyboard in Resources */,
			);
			runOnlyForDeploymentPostprocessing = 0;
		};
/* End PBXResourcesBuildPhase section */

/* Begin PBXSourcesBuildPhase section */
		9DE9D6EC228BE89F0082B9B5 /* Sources */ = {
			isa = PBXSourcesBuildPhase;
			buildActionMask = 2147483647;
			files = (
				9DE9D6F6228BE89F0082B9B5 /* ViewController.swift in Sources */,
				9DE9D70C228C09910082B9B5 /* RoundedButton.swift in Sources */,
				9DE9D708228BF8830082B9B5 /* BicycleModel.swift in Sources */,
				9DE9D706228BE8DC0082B9B5 /* LearnerModel.swift in Sources */,
				9DE9D70A228C03AD0082B9B5 /* FacilitatorModel.swift in Sources */,
				9DE9D6F4228BE89F0082B9B5 /* AppDelegate.swift in Sources */,
			);
			runOnlyForDeploymentPostprocessing = 0;
		};
/* End PBXSourcesBuildPhase section */

/* Begin PBXVariantGroup section */
		9DE9D6F7228BE89F0082B9B5 /* Main.storyboard */ = {
			isa = PBXVariantGroup;
			children = (
				9DE9D6F8228BE89F0082B9B5 /* Base */,
			);
			name = Main.storyboard;
			sourceTree = "<group>";
		};
		9DE9D6FC228BE8A30082B9B5 /* LaunchScreen.storyboard */ = {
			isa = PBXVariantGroup;
			children = (
				9DE9D6FD228BE8A30082B9B5 /* Base */,
			);
			name = LaunchScreen.storyboard;
			sourceTree = "<group>";
		};
/* End PBXVariantGroup section */

/* Begin XCBuildConfiguration section */
		9DE9D700228BE8A30082B9B5 /* Debug */ = {
			isa = XCBuildConfiguration;
			buildSettings = {
				ALWAYS_SEARCH_USER_PATHS = NO;
				CLANG_ANALYZER_NONNULL = YES;
				CLANG_ANALYZER_NUMBER_OBJECT_CONVERSION = YES_AGGRESSIVE;
				CLANG_CXX_LANGUAGE_STANDARD = "gnu++14";
				CLANG_CXX_LIBRARY = "libc++";
				CLANG_ENABLE_MODULES = YES;
				CLANG_ENABLE_OBJC_ARC = YES;
				CLANG_ENABLE_OBJC_WEAK = YES;
				CLANG_WARN_BLOCK_CAPTURE_AUTORELEASING = YES;
				CLANG_WARN_BOOL_CONVERSION = YES;
				CLANG_WARN_COMMA = YES;
				CLANG_WARN_CONSTANT_CONVERSION = YES;
				CLANG_WARN_DEPRECATED_OBJC_IMPLEMENTATIONS = YES;
				CLANG_WARN_DIRECT_OBJC_ISA_USAGE = YES_ERROR;
				CLANG_WARN_DOCUMENTATION_COMMENTS = YES;
				CLANG_WARN_EMPTY_BODY = YES;
				CLANG_WARN_ENUM_CONVERSION = YES;
				CLANG_WARN_INFINITE_RECURSION = YES;
				CLANG_WARN_INT_CONVERSION = YES;
				CLANG_WARN_NON_LITERAL_NULL_CONVERSION = YES;
				CLANG_WARN_OBJC_IMPLICIT_RETAIN_SELF = YES;
				CLANG_WARN_OBJC_LITERAL_CONVERSION = YES;
				CLANG_WARN_OBJC_ROOT_CLASS = YES_ERROR;
				CLANG_WARN_RANGE_LOOP_ANALYSIS = YES;
				CLANG_WARN_STRICT_PROTOTYPES = YES;
				CLANG_WARN_SUSPICIOUS_MOVE = YES;
				CLANG_WARN_UNGUARDED_AVAILABILITY = YES_AGGRESSIVE;
				CLANG_WARN_UNREACHABLE_CODE = YES;
				CLANG_WARN__DUPLICATE_METHOD_MATCH = YES;
				CODE_SIGN_IDENTITY = "iPhone Developer";
				COPY_PHASE_STRIP = NO;
				DEBUG_INFORMATION_FORMAT = dwarf;
				ENABLE_STRICT_OBJC_MSGSEND = YES;
				ENABLE_TESTABILITY = YES;
				GCC_C_LANGUAGE_STANDARD = gnu11;
				GCC_DYNAMIC_NO_PIC = NO;
				GCC_NO_COMMON_BLOCKS = YES;
				GCC_OPTIMIZATION_LEVEL = 0;
				GCC_PREPROCESSOR_DEFINITIONS = (
					"DEBUG=1",
					"$(inherited)",
				);
				GCC_WARN_64_TO_32_BIT_CONVERSION = YES;
				GCC_WARN_ABOUT_RETURN_TYPE = YES_ERROR;
				GCC_WARN_UNDECLARED_SELECTOR = YES;
				GCC_WARN_UNINITIALIZED_AUTOS = YES_AGGRESSIVE;
				GCC_WARN_UNUSED_FUNCTION = YES;
				GCC_WARN_UNUSED_VARIABLE = YES;
				IPHONEOS_DEPLOYMENT_TARGET = 12.2;
				MTL_ENABLE_DEBUG_INFO = INCLUDE_SOURCE;
				MTL_FAST_MATH = YES;
				ONLY_ACTIVE_ARCH = YES;
				SDKROOT = iphoneos;
				SWIFT_ACTIVE_COMPILATION_CONDITIONS = DEBUG;
				SWIFT_OPTIMIZATION_LEVEL = "-Onone";
			};
			name = Debug;
		};
		9DE9D701228BE8A30082B9B5 /* Release */ = {
			isa = XCBuildConfiguration;
			buildSettings = {
				ALWAYS_SEARCH_USER_PATHS = NO;
				CLANG_ANALYZER_NONNULL = YES;
				CLANG_ANALYZER_NUMBER_OBJECT_CONVERSION = YES_AGGRESSIVE;
				CLANG_CXX_LANGUAGE_STANDARD = "gnu++14";
				CLANG_CXX_LIBRARY = "libc++";
				CLANG_ENABLE_MODULES = YES;
				CLANG_ENABLE_OBJC_ARC = YES;
				CLANG_ENABLE_OBJC_WEAK = YES;
				CLANG_WARN_BLOCK_CAPTURE_AUTORELEASING = YES;
				CLANG_WARN_BOOL_CONVERSION = YES;
				CLANG_WARN_COMMA = YES;
				CLANG_WARN_CONSTANT_CONVERSION = YES;
				CLANG_WARN_DEPRECATED_OBJC_IMPLEMENTATIONS = YES;
				CLANG_WARN_DIRECT_OBJC_ISA_USAGE = YES_ERROR;
				CLANG_WARN_DOCUMENTATION_COMMENTS = YES;
				CLANG_WARN_EMPTY_BODY = YES;
				CLANG_WARN_ENUM_CONVERSION = YES;
				CLANG_WARN_INFINITE_RECURSION = YES;
				CLANG_WARN_INT_CONVERSION = YES;
				CLANG_WARN_NON_LITERAL_NULL_CONVERSION = YES;
				CLANG_WARN_OBJC_IMPLICIT_RETAIN_SELF = YES;
				CLANG_WARN_OBJC_LITERAL_CONVERSION = YES;
				CLANG_WARN_OBJC_ROOT_CLASS = YES_ERROR;
				CLANG_WARN_RANGE_LOOP_ANALYSIS = YES;
				CLANG_WARN_STRICT_PROTOTYPES = YES;
				CLANG_WARN_SUSPICIOUS_MOVE = YES;
				CLANG_WARN_UNGUARDED_AVAILABILITY = YES_AGGRESSIVE;
				CLANG_WARN_UNREACHABLE_CODE = YES;
				CLANG_WARN__DUPLICATE_METHOD_MATCH = YES;
				CODE_SIGN_IDENTITY = "iPhone Developer";
				COPY_PHASE_STRIP = NO;
				DEBUG_INFORMATION_FORMAT = "dwarf-with-dsym";
				ENABLE_NS_ASSERTIONS = NO;
				ENABLE_STRICT_OBJC_MSGSEND = YES;
				GCC_C_LANGUAGE_STANDARD = gnu11;
				GCC_NO_COMMON_BLOCKS = YES;
				GCC_WARN_64_TO_32_BIT_CONVERSION = YES;
				GCC_WARN_ABOUT_RETURN_TYPE = YES_ERROR;
				GCC_WARN_UNDECLARED_SELECTOR = YES;
				GCC_WARN_UNINITIALIZED_AUTOS = YES_AGGRESSIVE;
				GCC_WARN_UNUSED_FUNCTION = YES;
				GCC_WARN_UNUSED_VARIABLE = YES;
				IPHONEOS_DEPLOYMENT_TARGET = 12.2;
				MTL_ENABLE_DEBUG_INFO = NO;
				MTL_FAST_MATH = YES;
				SDKROOT = iphoneos;
				SWIFT_COMPILATION_MODE = wholemodule;
				SWIFT_OPTIMIZATION_LEVEL = "-O";
				VALIDATE_PRODUCT = YES;
			};
			name = Release;
		};
		9DE9D703228BE8A30082B9B5 /* Debug */ = {
			isa = XCBuildConfiguration;
			buildSettings = {
				ASSETCATALOG_COMPILER_APPICON_NAME = AppIcon;
				CODE_SIGN_STYLE = Automatic;
				DEVELOPMENT_TEAM = M55NZ7W6EJ;
				INFOPLIST_FILE = LearnerModel/Info.plist;
				LD_RUNPATH_SEARCH_PATHS = (
					"$(inherited)",
					"@executable_path/Frameworks",
				);
				PRODUCT_BUNDLE_IDENTIFIER = "Apple-Developer-Academy.LearnerModel";
				PRODUCT_NAME = "$(TARGET_NAME)";
				SWIFT_VERSION = 5.0;
				TARGETED_DEVICE_FAMILY = "1,2";
			};
			name = Debug;
		};
		9DE9D704228BE8A30082B9B5 /* Release */ = {
			isa = XCBuildConfiguration;
			buildSettings = {
				ASSETCATALOG_COMPILER_APPICON_NAME = AppIcon;
				CODE_SIGN_STYLE = Automatic;
				DEVELOPMENT_TEAM = M55NZ7W6EJ;
				INFOPLIST_FILE = LearnerModel/Info.plist;
				LD_RUNPATH_SEARCH_PATHS = (
					"$(inherited)",
					"@executable_path/Frameworks",
				);
				PRODUCT_BUNDLE_IDENTIFIER = "Apple-Developer-Academy.LearnerModel";
				PRODUCT_NAME = "$(TARGET_NAME)";
				SWIFT_VERSION = 5.0;
				TARGETED_DEVICE_FAMILY = "1,2";
			};
			name = Release;
		};
/* End XCBuildConfiguration section */

/* Begin XCConfigurationList section */
		9DE9D6EB228BE89F0082B9B5 /* Build configuration list for PBXProject "LearnerModel" */ = {
			isa = XCConfigurationList;
			buildConfigurations = (
				9DE9D700228BE8A30082B9B5 /* Debug */,
				9DE9D701228BE8A30082B9B5 /* Release */,
			);
			defaultConfigurationIsVisible = 0;
			defaultConfigurationName = Release;
		};
		9DE9D702228BE8A30082B9B5 /* Build configuration list for PBXNativeTarget "LearnerModel" */ = {
			isa = XCConfigurationList;
			buildConfigurations = (
				9DE9D703228BE8A30082B9B5 /* Debug */,
				9DE9D704228BE8A30082B9B5 /* Release */,
			);
			defaultConfigurationIsVisible = 0;
			defaultConfigurationName = Release;
		};
/* End XCConfigurationList section */
	};
	rootObject = 9DE9D6E8228BE89F0082B9B5 /* Project object */;
}
